
Microsoft Visual Studio Solution File, Format Version 12.00
# Visual Studio Version 17
VisualStudioVersion = 17.14.36310.24 d17.14
MinimumVisualStudioVersion = 10.0.40219.1
Project("{FAE04EC0-301F-11D3-BF4B-00C04F79EFBC}") = "primerproyectoenC#", "primerproyectoenC#\primerproyectoenC#.csproj", "{3F4A2202-AC00-416A-90BD-1F00E368D8CA}"
EndProject
Global
	GlobalSection(SolutionConfigurationPlatforms) = preSolution
		Debug|Any CPU = Debug|Any CPU
		Release|Any CPU = Release|Any CPU
	EndGlobalSection
	GlobalSection(ProjectConfigurationPlatforms) = postSolution
		{3F4A2202-AC00-416A-90BD-1F00E368D8CA}.Debug|Any CPU.ActiveCfg = Debug|Any CPU
		{3F4A2202-AC00-416A-90BD-1F00E368D8CA}.Debug|Any CPU.Build.0 = Debug|Any CPU
		{3F4A2202-AC00-416A-90BD-1F00E368D8CA}.Release|Any CPU.ActiveCfg = Release|Any CPU
		{3F4A2202-AC00-416A-90BD-1F00E368D8CA}.Release|Any CPU.Build.0 = Release|Any CPU
	EndGlobalSection
	GlobalSection(SolutionProperties) = preSolution
		HideSolutionNode = FALSE
	EndGlobalSection
	GlobalSection(ExtensibilityGlobals) = postSolution
		SolutionGuid = {5F24CB0F-B577-4DCD-B917-5EAB224EAE32}
	EndGlobalSection
EndGlobal
